
Microsoft Visual Studio Solution File, Format Version 12.00
# Visual Studio Version 16
VisualStudioVersion = 16.0.30413.136
MinimumVisualStudioVersion = 10.0.40219.1
Project("{FAE04EC0-301F-11D3-BF4B-00C04F79EFBC}") = "CriptoMax", "CriptoMax\CriptoMax.csproj", "{F4BB0E29-2B1B-4044-A5F3-80664E3ABEF5}"
EndProject
Global
	GlobalSection(SolutionConfigurationPlatforms) = preSolution
		Debug|Any CPU = Debug|Any CPU
		Release|Any CPU = Release|Any CPU
	EndGlobalSection
	GlobalSection(ProjectConfigurationPlatforms) = postSolution
		{F4BB0E29-2B1B-4044-A5F3-80664E3ABEF5}.Debug|Any CPU.ActiveCfg = Debug|Any CPU
		{F4BB0E29-2B1B-4044-A5F3-80664E3ABEF5}.Debug|Any CPU.Build.0 = Debug|Any CPU
		{F4BB0E29-2B1B-4044-A5F3-80664E3ABEF5}.Release|Any CPU.ActiveCfg = Release|Any CPU
		{F4BB0E29-2B1B-4044-A5F3-80664E3ABEF5}.Release|Any CPU.Build.0 = Release|Any CPU
	EndGlobalSection
	GlobalSection(SolutionProperties) = preSolution
		HideSolutionNode = FALSE
	EndGlobalSection
	GlobalSection(ExtensibilityGlobals) = postSolution
		SolutionGuid = {B8F1BB2D-0659-47FC-809D-C5326F0ECB24}
	EndGlobalSection
EndGlobal
